
Microsoft Visual Studio Solution File, Format Version 12.00
# Visual Studio 15
VisualStudioVersion = 15.0.27130.2010
MinimumVisualStudioVersion = 10.0.40219.1
Project("{FAE04EC0-301F-11D3-BF4B-00C04F79EFBC}") = "MachineIT", "MachineIT\MachineIT.csproj", "{645AE81D-F5AE-4DB6-89D4-D4B1B963DEBB}"
EndProject
Global
	GlobalSection(SolutionConfigurationPlatforms) = preSolution
		Debug|Any CPU = Debug|Any CPU
		Release|Any CPU = Release|Any CPU
	EndGlobalSection
	GlobalSection(ProjectConfigurationPlatforms) = postSolution
		{645AE81D-F5AE-4DB6-89D4-D4B1B963DEBB}.Debug|Any CPU.ActiveCfg = Debug|Any CPU
		{645AE81D-F5AE-4DB6-89D4-D4B1B963DEBB}.Debug|Any CPU.Build.0 = Debug|Any CPU
		{645AE81D-F5AE-4DB6-89D4-D4B1B963DEBB}.Release|Any CPU.ActiveCfg = Release|Any CPU
		{645AE81D-F5AE-4DB6-89D4-D4B1B963DEBB}.Release|Any CPU.Build.0 = Release|Any CPU
	EndGlobalSection
	GlobalSection(SolutionProperties) = preSolution
		HideSolutionNode = FALSE
	EndGlobalSection
	GlobalSection(ExtensibilityGlobals) = postSolution
		SolutionGuid = {33320703-A7E1-4642-9B5A-FFBCED4F3B1D}
	EndGlobalSection
EndGlobal
